// !$*UTF8*$!
{
	archiveVersion = 1;
	classes = {
	};
	objectVersion = 46;
	objects = {

/* Begin PBXBuildFile section */
		03A8154E1F5E641200323E9F /* AppDelegate.swift in Sources */ = {isa = PBXBuildFile; fileRef = 03A8154D1F5E641200323E9F /* AppDelegate.swift */; };
		03A815501F5E641200323E9F /* ViewController.swift in Sources */ = {isa = PBXBuildFile; fileRef = 03A8154F1F5E641200323E9F /* ViewController.swift */; };
		03A815531F5E641200323E9F /* Main.storyboard in Resources */ = {isa = PBXBuildFile; fileRef = 03A815511F5E641200323E9F /* Main.storyboard */; };
		03A815551F5E641200323E9F /* Assets.xcassets in Resources */ = {isa = PBXBuildFile; fileRef = 03A815541F5E641200323E9F /* Assets.xcassets */; };
		03A815581F5E641200323E9F /* LaunchScreen.storyboard in Resources */ = {isa = PBXBuildFile; fileRef = 03A815561F5E641200323E9F /* LaunchScreen.storyboard */; };
		03A815631F5E641200323E9F /* MySampleTests.swift in Sources */ = {isa = PBXBuildFile; fileRef = 03A815621F5E641200323E9F /* MySampleTests.swift */; };
		03A8156E1F5E641200323E9F /* MySampleUITests.swift in Sources */ = {isa = PBXBuildFile; fileRef = 03A8156D1F5E641200323E9F /* MySampleUITests.swift */; };
		03A8157C1F5E6D9700323E9F /* LocationViewController.swift in Sources */ = {isa = PBXBuildFile; fileRef = 03A8157B1F5E6D9700323E9F /* LocationViewController.swift */; };
/* End PBXBuildFile section */

/* Begin PBXContainerItemProxy section */
		03A8155F1F5E641200323E9F /* PBXContainerItemProxy */ = {
			isa = PBXContainerItemProxy;
			containerPortal = 03A815421F5E641200323E9F /* Project object */;
			proxyType = 1;
			remoteGlobalIDString = 03A815491F5E641200323E9F;
			remoteInfo = MySample;
		};
		03A8156A1F5E641200323E9F /* PBXContainerItemProxy */ = {
			isa = PBXContainerItemProxy;
			containerPortal = 03A815421F5E641200323E9F /* Project object */;
			proxyType = 1;
			remoteGlobalIDString = 03A815491F5E641200323E9F;
			remoteInfo = MySample;
		};
/* End PBXContainerItemProxy section */

/* Begin PBXFileReference section */
		03A8154A1F5E641200323E9F /* MySample.app */ = {isa = PBXFileReference; explicitFileType = wrapper.application; includeInIndex = 0; path = MySample.app; sourceTree = BUILT_PRODUCTS_DIR; };
		03A8154D1F5E641200323E9F /* AppDelegate.swift */ = {isa = PBXFileReference; lastKnownFileType = sourcecode.swift; path = AppDelegate.swift; sourceTree = "<group>"; };
		03A8154F1F5E641200323E9F /* ViewController.swift */ = {isa = PBXFileReference; lastKnownFileType = sourcecode.swift; path = ViewController.swift; sourceTree = "<group>"; };
		03A815521F5E641200323E9F /* Base */ = {isa = PBXFileReference; lastKnownFileType = file.storyboard; name = Base; path = Base.lproj/Main.storyboard; sourceTree = "<group>"; };
		03A815541F5E641200323E9F /* Assets.xcassets */ = {isa = PBXFileReference; lastKnownFileType = folder.assetcatalog; path = Assets.xcassets; sourceTree = "<group>"; };
		03A815571F5E641200323E9F /* Base */ = {isa = PBXFileReference; lastKnownFileType = file.storyboard; name = Base; path = Base.lproj/LaunchScreen.storyboard; sourceTree = "<group>"; };
		03A815591F5E641200323E9F /* Info.plist */ = {isa = PBXFileReference; lastKnownFileType = text.plist.xml; path = Info.plist; sourceTree = "<group>"; };
		03A8155E1F5E641200323E9F /* MySampleTests.xctest */ = {isa = PBXFileReference; explicitFileType = wrapper.cfbundle; includeInIndex = 0; path = MySampleTests.xctest; sourceTree = BUILT_PRODUCTS_DIR; };
		03A815621F5E641200323E9F /* MySampleTests.swift */ = {isa = PBXFileReference; lastKnownFileType = sourcecode.swift; path = MySampleTests.swift; sourceTree = "<group>"; };
		03A815641F5E641200323E9F /* Info.plist */ = {isa = PBXFileReference; lastKnownFileType = text.plist.xml; path = Info.plist; sourceTree = "<group>"; };
		03A815691F5E641200323E9F /* MySampleUITests.xctest */ = {isa = PBXFileReference; explicitFileType = wrapper.cfbundle; includeInIndex = 0; path = MySampleUITests.xctest; sourceTree = BUILT_PRODUCTS_DIR; };
		03A8156D1F5E641200323E9F /* MySampleUITests.swift */ = {isa = PBXFileReference; lastKnownFileType = sourcecode.swift; path = MySampleUITests.swift; sourceTree = "<group>"; };
		03A8156F1F5E641200323E9F /* Info.plist */ = {isa = PBXFileReference; lastKnownFileType = text.plist.xml; path = Info.plist; sourceTree = "<group>"; };
		03A8157B1F5E6D9700323E9F /* LocationViewController.swift */ = {isa = PBXFileReference; fileEncoding = 4; lastKnownFileType = sourcecode.swift; path = LocationViewController.swift; sourceTree = "<group>"; };
/* End PBXFileReference section */

/* Begin PBXFrameworksBuildPhase section */
		03A815471F5E641200323E9F /* Frameworks */ = {
			isa = PBXFrameworksBuildPhase;
			buildActionMask = 2147483647;
			files = (
			);
			runOnlyForDeploymentPostprocessing = 0;
		};
		03A8155B1F5E641200323E9F /* Frameworks */ = {
			isa = PBXFrameworksBuildPhase;
			buildActionMask = 2147483647;
			files = (
			);
			runOnlyForDeploymentPostprocessing = 0;
		};
		03A815661F5E641200323E9F /* Frameworks */ = {
			isa = PBXFrameworksBuildPhase;
			buildActionMask = 2147483647;
			files = (
			);
			runOnlyForDeploymentPostprocessing = 0;
		};
/* End PBXFrameworksBuildPhase section */

/* Begin PBXGroup section */
		03A815411F5E641200323E9F = {
			isa = PBXGroup;
			children = (
				03A8154C1F5E641200323E9F /* MySample */,
				03A815611F5E641200323E9F /* MySampleTests */,
				03A8156C1F5E641200323E9F /* MySampleUITests */,
				03A8154B1F5E641200323E9F /* Products */,
			);
			sourceTree = "<group>";
		};
		03A8154B1F5E641200323E9F /* Products */ = {
			isa = PBXGroup;
			children = (
				03A8154A1F5E641200323E9F /* MySample.app */,
				03A8155E1F5E641200323E9F /* MySampleTests.xctest */,
				03A815691F5E641200323E9F /* MySampleUITests.xctest */,
			);
			name = Products;
			sourceTree = "<group>";
		};
		03A8154C1F5E641200323E9F /* MySample */ = {
			isa = PBXGroup;
			children = (
				03A8154D1F5E641200323E9F /* AppDelegate.swift */,
				03A8154F1F5E641200323E9F /* ViewController.swift */,
				03A8157B1F5E6D9700323E9F /* LocationViewController.swift */,
				03A815511F5E641200323E9F /* Main.storyboard */,
				03A815541F5E641200323E9F /* Assets.xcassets */,
				03A815561F5E641200323E9F /* LaunchScreen.storyboard */,
				03A815591F5E641200323E9F /* Info.plist */,
			);
			path = MySample;
			sourceTree = "<group>";
		};
		03A815611F5E641200323E9F /* MySampleTests */ = {
			isa = PBXGroup;
			children = (
				03A815621F5E641200323E9F /* MySampleTests.swift */,
				03A815641F5E641200323E9F /* Info.plist */,
			);
			path = MySampleTests;
			sourceTree = "<group>";
		};
		03A8156C1F5E641200323E9F /* MySampleUITests */ = {
			isa = PBXGroup;
			children = (
				03A8156D1F5E641200323E9F /* MySampleUITests.swift */,
				03A8156F1F5E641200323E9F /* Info.plist */,
			);
			path = MySampleUITests;
			sourceTree = "<group>";
		};
/* End PBXGroup section */

/* Begin PBXNativeTarget section */
		03A815491F5E641200323E9F /* MySample */ = {
			isa = PBXNativeTarget;
			buildConfigurationList = 03A815721F5E641200323E9F /* Build configuration list for PBXNativeTarget "MySample" */;
			buildPhases = (
				03A815461F5E641200323E9F /* Sources */,
				03A815471F5E641200323E9F /* Frameworks */,
				03A815481F5E641200323E9F /* Resources */,
			);
			buildRules = (
			);
			dependencies = (
			);
			name = MySample;
			productName = MySample;
			productReference = 03A8154A1F5E641200323E9F /* MySample.app */;
			productType = "com.apple.product-type.application";
		};
		03A8155D1F5E641200323E9F /* MySampleTests */ = {
			isa = PBXNativeTarget;
			buildConfigurationList = 03A815751F5E641200323E9F /* Build configuration list for PBXNativeTarget "MySampleTests" */;
			buildPhases = (
				03A8155A1F5E641200323E9F /* Sources */,
				03A8155B1F5E641200323E9F /* Frameworks */,
				03A8155C1F5E641200323E9F /* Resources */,
			);
			buildRules = (
			);
			dependencies = (
				03A815601F5E641200323E9F /* PBXTargetDependency */,
			);
			name = MySampleTests;
			productName = MySampleTests;
			productReference = 03A8155E1F5E641200323E9F /* MySampleTests.xctest */;
			productType = "com.apple.product-type.bundle.unit-test";
		};
		03A815681F5E641200323E9F /* MySampleUITests */ = {
			isa = PBXNativeTarget;
			buildConfigurationList = 03A815781F5E641200323E9F /* Build configuration list for PBXNativeTarget "MySampleUITests" */;
			buildPhases = (
				03A815651F5E641200323E9F /* Sources */,
				03A815661F5E641200323E9F /* Frameworks */,
				03A815671F5E641200323E9F /* Resources */,
			);
			buildRules = (
			);
			dependencies = (
				03A8156B1F5E641200323E9F /* PBXTargetDependency */,
			);
			name = MySampleUITests;
			productName = MySampleUITests;
			productReference = 03A815691F5E641200323E9F /* MySampleUITests.xctest */;
			productType = "com.apple.product-type.bundle.ui-testing";
		};
/* End PBXNativeTarget section */

/* Begin PBXProject section */
		03A815421F5E641200323E9F /* Project object */ = {
			isa = PBXProject;
			attributes = {
				LastSwiftUpdateCheck = 0830;
				LastUpgradeCheck = 0830;
				ORGANIZATIONNAME = "Shrikant Kanakatti";
				TargetAttributes = {
					03A815491F5E641200323E9F = {
						CreatedOnToolsVersion = 8.3.3;
						ProvisioningStyle = Automatic;
					};
					03A8155D1F5E641200323E9F = {
						CreatedOnToolsVersion = 8.3.3;
						ProvisioningStyle = Automatic;
						TestTargetID = 03A815491F5E641200323E9F;
					};
					03A815681F5E641200323E9F = {
						CreatedOnToolsVersion = 8.3.3;
						ProvisioningStyle = Automatic;
						TestTargetID = 03A815491F5E641200323E9F;
					};
				};
			};
			buildConfigurationList = 03A815451F5E641200323E9F /* Build configuration list for PBXProject "MySample" */;
			compatibilityVersion = "Xcode 3.2";
			developmentRegion = English;
			hasScannedForEncodings = 0;
			knownRegions = (
				en,
				Base,
			);
			mainGroup = 03A815411F5E641200323E9F;
			productRefGroup = 03A8154B1F5E641200323E9F /* Products */;
			projectDirPath = "";
			projectRoot = "";
			targets = (
				03A815491F5E641200323E9F /* MySample */,
				03A8155D1F5E641200323E9F /* MySampleTests */,
				03A815681F5E641200323E9F /* MySampleUITests */,
			);
		};
/* End PBXProject section */

/* Begin PBXResourcesBuildPhase section */
		03A815481F5E641200323E9F /* Resources */ = {
			isa = PBXResourcesBuildPhase;
			buildActionMask = 2147483647;
			files = (
				03A815581F5E641200323E9F /* LaunchScreen.storyboard in Resources */,
				03A815551F5E641200323E9F /* Assets.xcassets in Resources */,
				03A815531F5E641200323E9F /* Main.storyboard in Resources */,
			);
			runOnlyForDeploymentPostprocessing = 0;
		};
		03A8155C1F5E641200323E9F /* Resources */ = {
			isa = PBXResourcesBuildPhase;
			buildActionMask = 2147483647;
			files = (
			);
			runOnlyForDeploymentPostprocessing = 0;
		};
		03A815671F5E641200323E9F /* Resources */ = {
			isa = PBXResourcesBuildPhase;
			buildActionMask = 2147483647;
			files = (
			);
			runOnlyForDeploymentPostprocessing = 0;
		};
/* End PBXResourcesBuildPhase section */

/* Begin PBXSourcesBuildPhase section */
		03A815461F5E641200323E9F /* Sources */ = {
			isa = PBXSourcesBuildPhase;
			buildActionMask = 2147483647;
			files = (
				03A8157C1F5E6D9700323E9F /* LocationViewController.swift in Sources */,
				03A815501F5E641200323E9F /* ViewController.swift in Sources */,
				03A8154E1F5E641200323E9F /* AppDelegate.swift in Sources */,
			);
			runOnlyForDeploymentPostprocessing = 0;
		};
		03A8155A1F5E641200323E9F /* Sources */ = {
			isa = PBXSourcesBuildPhase;
			buildActionMask = 2147483647;
			files = (
				03A815631F5E641200323E9F /* MySampleTests.swift in Sources */,
			);
			runOnlyForDeploymentPostprocessing = 0;
		};
		03A815651F5E641200323E9F /* Sources */ = {
			isa = PBXSourcesBuildPhase;
			buildActionMask = 2147483647;
			files = (
				03A8156E1F5E641200323E9F /* MySampleUITests.swift in Sources */,
			);
			runOnlyForDeploymentPostprocessing = 0;
		};
/* End PBXSourcesBuildPhase section */

/* Begin PBXTargetDependency section */
		03A815601F5E641200323E9F /* PBXTargetDependency */ = {
			isa = PBXTargetDependency;
			target = 03A815491F5E641200323E9F /* MySample */;
			targetProxy = 03A8155F1F5E641200323E9F /* PBXContainerItemProxy */;
		};
		03A8156B1F5E641200323E9F /* PBXTargetDependency */ = {
			isa = PBXTargetDependency;
			target = 03A815491F5E641200323E9F /* MySample */;
			targetProxy = 03A8156A1F5E641200323E9F /* PBXContainerItemProxy */;
		};
/* End PBXTargetDependency section */

/* Begin PBXVariantGroup section */
		03A815511F5E641200323E9F /* Main.storyboard */ = {
			isa = PBXVariantGroup;
			children = (
				03A815521F5E641200323E9F /* Base */,
			);
			name = Main.storyboard;
			sourceTree = "<group>";
		};
		03A815561F5E641200323E9F /* LaunchScreen.storyboard */ = {
			isa = PBXVariantGroup;
			children = (
				03A815571F5E641200323E9F /* Base */,
			);
			name = LaunchScreen.storyboard;
			sourceTree = "<group>";
		};
/* End PBXVariantGroup section */

/* Begin XCBuildConfiguration section */
		03A815701F5E641200323E9F /* Debug */ = {
			isa = XCBuildConfiguration;
			buildSettings = {
				ALWAYS_SEARCH_USER_PATHS = NO;
				CLANG_ANALYZER_NONNULL = YES;
				CLANG_ANALYZER_NUMBER_OBJECT_CONVERSION = YES_AGGRESSIVE;
				CLANG_CXX_LANGUAGE_STANDARD = "gnu++0x";
				CLANG_CXX_LIBRARY = "libc++";
				CLANG_ENABLE_MODULES = YES;
				CLANG_ENABLE_OBJC_ARC = YES;
				CLANG_WARN_BOOL_CONVERSION = YES;
				CLANG_WARN_CONSTANT_CONVERSION = YES;
				CLANG_WARN_DIRECT_OBJC_ISA_USAGE = YES_ERROR;
				CLANG_WARN_DOCUMENTATION_COMMENTS = YES;
				CLANG_WARN_EMPTY_BODY = YES;
				CLANG_WARN_ENUM_CONVERSION = YES;
				CLANG_WARN_INFINITE_RECURSION = YES;
				CLANG_WARN_INT_CONVERSION = YES;
				CLANG_WARN_OBJC_ROOT_CLASS = YES_ERROR;
				CLANG_WARN_SUSPICIOUS_MOVE = YES;
				CLANG_WARN_UNREACHABLE_CODE = YES;
				CLANG_WARN__DUPLICATE_METHOD_MATCH = YES;
				"CODE_SIGN_IDENTITY[sdk=iphoneos*]" = "iPhone Developer";
				COPY_PHASE_STRIP = NO;
				DEBUG_INFORMATION_FORMAT = dwarf;
				ENABLE_STRICT_OBJC_MSGSEND = YES;
				ENABLE_TESTABILITY = YES;
				GCC_C_LANGUAGE_STANDARD = gnu99;
				GCC_DYNAMIC_NO_PIC = NO;
				GCC_NO_COMMON_BLOCKS = YES;
				GCC_OPTIMIZATION_LEVEL = 0;
				GCC_PREPROCESSOR_DEFINITIONS = (
					"DEBUG=1",
					"$(inherited)",
				);
				GCC_WARN_64_TO_32_BIT_CONVERSION = YES;
				GCC_WARN_ABOUT_RETURN_TYPE = YES_ERROR;
				GCC_WARN_UNDECLARED_SELECTOR = YES;
				GCC_WARN_UNINITIALIZED_AUTOS = YES_AGGRESSIVE;
				GCC_WARN_UNUSED_FUNCTION = YES;
				GCC_WARN_UNUSED_VARIABLE = YES;
				IPHONEOS_DEPLOYMENT_TARGET = 10.3;
				MTL_ENABLE_DEBUG_INFO = YES;
				ONLY_ACTIVE_ARCH = YES;
				SDKROOT = iphoneos;
				SWIFT_ACTIVE_COMPILATION_CONDITIONS = DEBUG;
				SWIFT_OPTIMIZATION_LEVEL = "-Onone";
				TARGETED_DEVICE_FAMILY = "1,2";
			};
			name = Debug;
		};
		03A815711F5E641200323E9F /* Release */ = {
			isa = XCBuildConfiguration;
			buildSettings = {
				ALWAYS_SEARCH_USER_PATHS = NO;
				CLANG_ANALYZER_NONNULL = YES;
				CLANG_ANALYZER_NUMBER_OBJECT_CONVERSION = YES_AGGRESSIVE;
				CLANG_CXX_LANGUAGE_STANDARD = "gnu++0x";
				CLANG_CXX_LIBRARY = "libc++";
				CLANG_ENABLE_MODULES = YES;
				CLANG_ENABLE_OBJC_ARC = YES;
				CLANG_WARN_BOOL_CONVERSION = YES;
				CLANG_WARN_CONSTANT_CONVERSION = YES;
				CLANG_WARN_DIRECT_OBJC_ISA_USAGE = YES_ERROR;
				CLANG_WARN_DOCUMENTATION_COMMENTS = YES;
				CLANG_WARN_EMPTY_BODY = YES;
				CLANG_WARN_ENUM_CONVERSION = YES;
				CLANG_WARN_INFINITE_RECURSION = YES;
				CLANG_WARN_INT_CONVERSION = YES;
				CLANG_WARN_OBJC_ROOT_CLASS = YES_ERROR;
				CLANG_WARN_SUSPICIOUS_MOVE = YES;
				CLANG_WARN_UNREACHABLE_CODE = YES;
				CLANG_WARN__DUPLICATE_METHOD_MATCH = YES;
				"CODE_SIGN_IDENTITY[sdk=iphoneos*]" = "iPhone Developer";
				COPY_PHASE_STRIP = NO;
				DEBUG_INFORMATION_FORMAT = "dwarf-with-dsym";
				ENABLE_NS_ASSERTIONS = NO;
				ENABLE_STRICT_OBJC_MSGSEND = YES;
				GCC_C_LANGUAGE_STANDARD = gnu99;
				GCC_NO_COMMON_BLOCKS = YES;
				GCC_WARN_64_TO_32_BIT_CONVERSION = YES;
				GCC_WARN_ABOUT_RETURN_TYPE = YES_ERROR;
				GCC_WARN_UNDECLARED_SELECTOR = YES;
				GCC_WARN_UNINITIALIZED_AUTOS = YES_AGGRESSIVE;
				GCC_WARN_UNUSED_FUNCTION = YES;
				GCC_WARN_UNUSED_VARIABLE = YES;
				IPHONEOS_DEPLOYMENT_TARGET = 10.3;
				MTL_ENABLE_DEBUG_INFO = NO;
				SDKROOT = iphoneos;
				SWIFT_OPTIMIZATION_LEVEL = "-Owholemodule";
				TARGETED_DEVICE_FAMILY = "1,2";
				VALIDATE_PRODUCT = YES;
			};
			name = Release;
		};
		03A815731F5E641200323E9F /* Debug */ = {
			isa = XCBuildConfiguration;
			buildSettings = {
				ASSETCATALOG_COMPILER_APPICON_NAME = AppIcon;
				INFOPLIST_FILE = MySample/Info.plist;
				LD_RUNPATH_SEARCH_PATHS = "$(inherited) @executable_path/Frameworks";
				PRODUCT_BUNDLE_IDENTIFIER = "Shrikant-Kanakatti.MySample";
				PRODUCT_NAME = "$(TARGET_NAME)";
				SWIFT_VERSION = 3.0;
			};
			name = Debug;
		};
		03A815741F5E641200323E9F /* Release */ = {
			isa = XCBuildConfiguration;
			buildSettings = {
				ASSETCATALOG_COMPILER_APPICON_NAME = AppIcon;
				INFOPLIST_FILE = MySample/Info.plist;
				LD_RUNPATH_SEARCH_PATHS = "$(inherited) @executable_path/Frameworks";
				PRODUCT_BUNDLE_IDENTIFIER = "Shrikant-Kanakatti.MySample";
				PRODUCT_NAME = "$(TARGET_NAME)";
				SWIFT_VERSION = 3.0;
			};
			name = Release;
		};
		03A815761F5E641200323E9F /* Debug */ = {
			isa = XCBuildConfiguration;
			buildSettings = {
				ALWAYS_EMBED_SWIFT_STANDARD_LIBRARIES = YES;
				BUNDLE_LOADER = "$(TEST_HOST)";
				INFOPLIST_FILE = MySampleTests/Info.plist;
				LD_RUNPATH_SEARCH_PATHS = "$(inherited) @executable_path/Frameworks @loader_path/Frameworks";
				PRODUCT_BUNDLE_IDENTIFIER = "Shrikant-Kanakatti.MySampleTests";
				PRODUCT_NAME = "$(TARGET_NAME)";
				SWIFT_VERSION = 3.0;
				TEST_HOST = "$(BUILT_PRODUCTS_DIR)/MySample.app/MySample";
			};
			name = Debug;
		};
		03A815771F5E641200323E9F /* Release */ = {
			isa = XCBuildConfiguration;
			buildSettings = {
				ALWAYS_EMBED_SWIFT_STANDARD_LIBRARIES = YES;
				BUNDLE_LOADER = "$(TEST_HOST)";
				INFOPLIST_FILE = MySampleTests/Info.plist;
				LD_RUNPATH_SEARCH_PATHS = "$(inherited) @executable_path/Frameworks @loader_path/Frameworks";
				PRODUCT_BUNDLE_IDENTIFIER = "Shrikant-Kanakatti.MySampleTests";
				PRODUCT_NAME = "$(TARGET_NAME)";
				SWIFT_VERSION = 3.0;
				TEST_HOST = "$(BUILT_PRODUCTS_DIR)/MySample.app/MySample";
			};
			name = Release;
		};
		03A815791F5E641200323E9F /* Debug */ = {
			isa = XCBuildConfiguration;
			buildSettings = {
				ALWAYS_EMBED_SWIFT_STANDARD_LIBRARIES = YES;
				INFOPLIST_FILE = MySampleUITests/Info.plist;
				LD_RUNPATH_SEARCH_PATHS = "$(inherited) @executable_path/Frameworks @loader_path/Frameworks";
				PRODUCT_BUNDLE_IDENTIFIER = "Shrikant-Kanakatti.MySampleUITests";
				PRODUCT_NAME = "$(TARGET_NAME)";
				SWIFT_VERSION = 3.0;
				TEST_TARGET_NAME = MySample;
			};
			name = Debug;
		};
		03A8157A1F5E641200323E9F /* Release */ = {
			isa = XCBuildConfiguration;
			buildSettings = {
				ALWAYS_EMBED_SWIFT_STANDARD_LIBRARIES = YES;
				INFOPLIST_FILE = MySampleUITests/Info.plist;
				LD_RUNPATH_SEARCH_PATHS = "$(inherited) @executable_path/Frameworks @loader_path/Frameworks";
				PRODUCT_BUNDLE_IDENTIFIER = "Shrikant-Kanakatti.MySampleUITests";
				PRODUCT_NAME = "$(TARGET_NAME)";
				SWIFT_VERSION = 3.0;
				TEST_TARGET_NAME = MySample;
			};
			name = Release;
		};
/* End XCBuildConfiguration section */

/* Begin XCConfigurationList section */
		03A815451F5E641200323E9F /* Build configuration list for PBXProject "MySample" */ = {
			isa = XCConfigurationList;
			buildConfigurations = (
				03A815701F5E641200323E9F /* Debug */,
				03A815711F5E641200323E9F /* Release */,
			);
			defaultConfigurationIsVisible = 0;
			defaultConfigurationName = Release;
		};
		03A815721F5E641200323E9F /* Build configuration list for PBXNativeTarget "MySample" */ = {
			isa = XCConfigurationList;
			buildConfigurations = (
				03A815731F5E641200323E9F /* Debug */,
				03A815741F5E641200323E9F /* Release */,
			);
			defaultConfigurationIsVisible = 0;
		};
		03A815751F5E641200323E9F /* Build configuration list for PBXNativeTarget "MySampleTests" */ = {
			isa = XCConfigurationList;
			buildConfigurations = (
				03A815761F5E641200323E9F /* Debug */,
				03A815771F5E641200323E9F /* Release */,
			);
			defaultConfigurationIsVisible = 0;
		};
		03A815781F5E641200323E9F /* Build configuration list for PBXNativeTarget "MySampleUITests" */ = {
			isa = XCConfigurationList;
			buildConfigurations = (
				03A815791F5E641200323E9F /* Debug */,
				03A8157A1F5E641200323E9F /* Release */,
			);
			defaultConfigurationIsVisible = 0;
		};
/* End XCConfigurationList section */
	};
	rootObject = 03A815421F5E641200323E9F /* Project object */;
}
